
Microsoft Visual Studio Solution File, Format Version 12.00
# Visual Studio Version 17
VisualStudioVersion = 17.9.34622.214
MinimumVisualStudioVersion = 10.0.40219.1
Project("{FAE04EC0-301F-11D3-BF4B-00C04F79EFBC}") = "WebApplicationMicroservice", "WebApplicationMicroservice\WebApplicationMicroservice.csproj", "{28B88A3E-7BAE-44F1-AABC-5427B43C6790}"
EndProject
Global
	GlobalSection(SolutionConfigurationPlatforms) = preSolution
		Debug|Any CPU = Debug|Any CPU
		Release|Any CPU = Release|Any CPU
	EndGlobalSection
	GlobalSection(ProjectConfigurationPlatforms) = postSolution
		{28B88A3E-7BAE-44F1-AABC-5427B43C6790}.Debug|Any CPU.ActiveCfg = Debug|Any CPU
		{28B88A3E-7BAE-44F1-AABC-5427B43C6790}.Debug|Any CPU.Build.0 = Debug|Any CPU
		{28B88A3E-7BAE-44F1-AABC-5427B43C6790}.Release|Any CPU.ActiveCfg = Release|Any CPU
		{28B88A3E-7BAE-44F1-AABC-5427B43C6790}.Release|Any CPU.Build.0 = Release|Any CPU
	EndGlobalSection
	GlobalSection(SolutionProperties) = preSolution
		HideSolutionNode = FALSE
	EndGlobalSection
	GlobalSection(ExtensibilityGlobals) = postSolution
		SolutionGuid = {662332A3-F98A-4B9C-AC84-95B922149701}
	EndGlobalSection
EndGlobal
